// !$*UTF8*$!
{
	archiveVersion = 1;
	classes = {
	};
	objectVersion = 46;
	objects = {

/* Begin PBXBuildFile section */
		714EA2001E0410C40092A2D9 /* AppDelegate.swift in Sources */ = {isa = PBXBuildFile; fileRef = 714EA1FF1E0410C40092A2D9 /* AppDelegate.swift */; };
		714EA2051E0410C40092A2D9 /* Main.storyboard in Resources */ = {isa = PBXBuildFile; fileRef = 714EA2031E0410C40092A2D9 /* Main.storyboard */; };
		714EA2071E0410C40092A2D9 /* Assets.xcassets in Resources */ = {isa = PBXBuildFile; fileRef = 714EA2061E0410C40092A2D9 /* Assets.xcassets */; };
		714EA20A1E0410C40092A2D9 /* LaunchScreen.storyboard in Resources */ = {isa = PBXBuildFile; fileRef = 714EA2081E0410C40092A2D9 /* LaunchScreen.storyboard */; };
		714EA2121E0416890092A2D9 /* MainViewController.swift in Sources */ = {isa = PBXBuildFile; fileRef = 714EA2111E0416890092A2D9 /* MainViewController.swift */; };
		714EA2141E0418930092A2D9 /* AppointmentViewController.swift in Sources */ = {isa = PBXBuildFile; fileRef = 714EA2131E0418930092A2D9 /* AppointmentViewController.swift */; };
		714EA2161E041D040092A2D9 /* TextFieldCell.swift in Sources */ = {isa = PBXBuildFile; fileRef = 714EA2151E041D040092A2D9 /* TextFieldCell.swift */; };
		71C1D4D51E083EB20040618E /* Details.swift in Sources */ = {isa = PBXBuildFile; fileRef = 71C1D4D41E083EB20040618E /* Details.swift */; };
/* End PBXBuildFile section */

/* Begin PBXFileReference section */
		714EA1FC1E0410C40092A2D9 /* Kiosk.app */ = {isa = PBXFileReference; explicitFileType = wrapper.application; includeInIndex = 0; path = Kiosk.app; sourceTree = BUILT_PRODUCTS_DIR; };
		714EA1FF1E0410C40092A2D9 /* AppDelegate.swift */ = {isa = PBXFileReference; lastKnownFileType = sourcecode.swift; path = AppDelegate.swift; sourceTree = "<group>"; };
		714EA2041E0410C40092A2D9 /* Base */ = {isa = PBXFileReference; lastKnownFileType = file.storyboard; name = Base; path = Base.lproj/Main.storyboard; sourceTree = "<group>"; };
		714EA2061E0410C40092A2D9 /* Assets.xcassets */ = {isa = PBXFileReference; lastKnownFileType = folder.assetcatalog; path = Assets.xcassets; sourceTree = "<group>"; };
		714EA2091E0410C40092A2D9 /* Base */ = {isa = PBXFileReference; lastKnownFileType = file.storyboard; name = Base; path = Base.lproj/LaunchScreen.storyboard; sourceTree = "<group>"; };
		714EA20B1E0410C40092A2D9 /* Info.plist */ = {isa = PBXFileReference; lastKnownFileType = text.plist.xml; path = Info.plist; sourceTree = "<group>"; };
		714EA2111E0416890092A2D9 /* MainViewController.swift */ = {isa = PBXFileReference; fileEncoding = 4; lastKnownFileType = sourcecode.swift; path = MainViewController.swift; sourceTree = "<group>"; };
		714EA2131E0418930092A2D9 /* AppointmentViewController.swift */ = {isa = PBXFileReference; fileEncoding = 4; lastKnownFileType = sourcecode.swift; path = AppointmentViewController.swift; sourceTree = "<group>"; };
		714EA2151E041D040092A2D9 /* TextFieldCell.swift */ = {isa = PBXFileReference; fileEncoding = 4; lastKnownFileType = sourcecode.swift; path = TextFieldCell.swift; sourceTree = "<group>"; };
		71C1D4D41E083EB20040618E /* Details.swift */ = {isa = PBXFileReference; fileEncoding = 4; lastKnownFileType = sourcecode.swift; path = Details.swift; sourceTree = "<group>"; };
/* End PBXFileReference section */

/* Begin PBXFrameworksBuildPhase section */
		714EA1F91E0410C40092A2D9 /* Frameworks */ = {
			isa = PBXFrameworksBuildPhase;
			buildActionMask = 2147483647;
			files = (
			);
			runOnlyForDeploymentPostprocessing = 0;
		};
/* End PBXFrameworksBuildPhase section */

/* Begin PBXGroup section */
		714EA1F31E0410C30092A2D9 = {
			isa = PBXGroup;
			children = (
				714EA1FE1E0410C40092A2D9 /* Kiosk */,
				714EA1FD1E0410C40092A2D9 /* Products */,
			);
			sourceTree = "<group>";
		};
		714EA1FD1E0410C40092A2D9 /* Products */ = {
			isa = PBXGroup;
			children = (
				714EA1FC1E0410C40092A2D9 /* Kiosk.app */,
			);
			name = Products;
			sourceTree = "<group>";
		};
		714EA1FE1E0410C40092A2D9 /* Kiosk */ = {
			isa = PBXGroup;
			children = (
				71C1D4D31E083E700040618E /* Model */,
				714EA1FF1E0410C40092A2D9 /* AppDelegate.swift */,
				714EA2031E0410C40092A2D9 /* Main.storyboard */,
				714EA2111E0416890092A2D9 /* MainViewController.swift */,
				714EA2131E0418930092A2D9 /* AppointmentViewController.swift */,
				714EA2151E041D040092A2D9 /* TextFieldCell.swift */,
				714EA2061E0410C40092A2D9 /* Assets.xcassets */,
				714EA2081E0410C40092A2D9 /* LaunchScreen.storyboard */,
				714EA20B1E0410C40092A2D9 /* Info.plist */,
			);
			path = Kiosk;
			sourceTree = "<group>";
		};
		71C1D4D31E083E700040618E /* Model */ = {
			isa = PBXGroup;
			children = (
				71C1D4D41E083EB20040618E /* Details.swift */,
			);
			name = Model;
			sourceTree = "<group>";
		};
/* End PBXGroup section */

/* Begin PBXNativeTarget section */
		714EA1FB1E0410C40092A2D9 /* Kiosk */ = {
			isa = PBXNativeTarget;
			buildConfigurationList = 714EA20E1E0410C40092A2D9 /* Build configuration list for PBXNativeTarget "Kiosk" */;
			buildPhases = (
				714EA1F81E0410C40092A2D9 /* Sources */,
				714EA1F91E0410C40092A2D9 /* Frameworks */,
				714EA1FA1E0410C40092A2D9 /* Resources */,
			);
			buildRules = (
			);
			dependencies = (
			);
			name = Kiosk;
			productName = Kiosk;
			productReference = 714EA1FC1E0410C40092A2D9 /* Kiosk.app */;
			productType = "com.apple.product-type.application";
		};
/* End PBXNativeTarget section */

/* Begin PBXProject section */
		714EA1F41E0410C30092A2D9 /* Project object */ = {
			isa = PBXProject;
			attributes = {
				LastSwiftUpdateCheck = 0810;
				LastUpgradeCheck = 0810;
				ORGANIZATIONNAME = "Cleveland Clinic";
				TargetAttributes = {
					714EA1FB1E0410C40092A2D9 = {
						CreatedOnToolsVersion = 8.1;
						ProvisioningStyle = Automatic;
					};
				};
			};
			buildConfigurationList = 714EA1F71E0410C30092A2D9 /* Build configuration list for PBXProject "Kiosk" */;
			compatibilityVersion = "Xcode 3.2";
			developmentRegion = English;
			hasScannedForEncodings = 0;
			knownRegions = (
				en,
				Base,
			);
			mainGroup = 714EA1F31E0410C30092A2D9;
			productRefGroup = 714EA1FD1E0410C40092A2D9 /* Products */;
			projectDirPath = "";
			projectRoot = "";
			targets = (
				714EA1FB1E0410C40092A2D9 /* Kiosk */,
			);
		};
/* End PBXProject section */

/* Begin PBXResourcesBuildPhase section */
		714EA1FA1E0410C40092A2D9 /* Resources */ = {
			isa = PBXResourcesBuildPhase;
			buildActionMask = 2147483647;
			files = (
				714EA20A1E0410C40092A2D9 /* LaunchScreen.storyboard in Resources */,
				714EA2071E0410C40092A2D9 /* Assets.xcassets in Resources */,
				714EA2051E0410C40092A2D9 /* Main.storyboard in Resources */,
			);
			runOnlyForDeploymentPostprocessing = 0;
		};
/* End PBXResourcesBuildPhase section */

/* Begin PBXSourcesBuildPhase section */
		714EA1F81E0410C40092A2D9 /* Sources */ = {
			isa = PBXSourcesBuildPhase;
			buildActionMask = 2147483647;
			files = (
				714EA2141E0418930092A2D9 /* AppointmentViewController.swift in Sources */,
				71C1D4D51E083EB20040618E /* Details.swift in Sources */,
				714EA2001E0410C40092A2D9 /* AppDelegate.swift in Sources */,
				714EA2121E0416890092A2D9 /* MainViewController.swift in Sources */,
				714EA2161E041D040092A2D9 /* TextFieldCell.swift in Sources */,
			);
			runOnlyForDeploymentPostprocessing = 0;
		};
/* End PBXSourcesBuildPhase section */

/* Begin PBXVariantGroup section */
		714EA2031E0410C40092A2D9 /* Main.storyboard */ = {
			isa = PBXVariantGroup;
			children = (
				714EA2041E0410C40092A2D9 /* Base */,
			);
			name = Main.storyboard;
			sourceTree = "<group>";
		};
		714EA2081E0410C40092A2D9 /* LaunchScreen.storyboard */ = {
			isa = PBXVariantGroup;
			children = (
				714EA2091E0410C40092A2D9 /* Base */,
			);
			name = LaunchScreen.storyboard;
			sourceTree = "<group>";
		};
/* End PBXVariantGroup section */

/* Begin XCBuildConfiguration section */
		714EA20C1E0410C40092A2D9 /* Debug */ = {
			isa = XCBuildConfiguration;
			buildSettings = {
				ALWAYS_SEARCH_USER_PATHS = NO;
				CLANG_ANALYZER_NONNULL = YES;
				CLANG_CXX_LANGUAGE_STANDARD = "gnu++0x";
				CLANG_CXX_LIBRARY = "libc++";
				CLANG_ENABLE_MODULES = YES;
				CLANG_ENABLE_OBJC_ARC = YES;
				CLANG_WARN_BOOL_CONVERSION = YES;
				CLANG_WARN_CONSTANT_CONVERSION = YES;
				CLANG_WARN_DIRECT_OBJC_ISA_USAGE = YES_ERROR;
				CLANG_WARN_DOCUMENTATION_COMMENTS = YES;
				CLANG_WARN_EMPTY_BODY = YES;
				CLANG_WARN_ENUM_CONVERSION = YES;
				CLANG_WARN_INFINITE_RECURSION = YES;
				CLANG_WARN_INT_CONVERSION = YES;
				CLANG_WARN_OBJC_ROOT_CLASS = YES_ERROR;
				CLANG_WARN_SUSPICIOUS_MOVES = YES;
				CLANG_WARN_UNREACHABLE_CODE = YES;
				CLANG_WARN__DUPLICATE_METHOD_MATCH = YES;
				"CODE_SIGN_IDENTITY[sdk=iphoneos*]" = "iPhone Developer";
				COPY_PHASE_STRIP = NO;
				DEBUG_INFORMATION_FORMAT = dwarf;
				ENABLE_STRICT_OBJC_MSGSEND = YES;
				ENABLE_TESTABILITY = YES;
				GCC_C_LANGUAGE_STANDARD = gnu99;
				GCC_DYNAMIC_NO_PIC = NO;
				GCC_NO_COMMON_BLOCKS = YES;
				GCC_OPTIMIZATION_LEVEL = 0;
				GCC_PREPROCESSOR_DEFINITIONS = (
					"DEBUG=1",
					"$(inherited)",
				);
				GCC_WARN_64_TO_32_BIT_CONVERSION = YES;
				GCC_WARN_ABOUT_RETURN_TYPE = YES_ERROR;
				GCC_WARN_UNDECLARED_SELECTOR = YES;
				GCC_WARN_UNINITIALIZED_AUTOS = YES_AGGRESSIVE;
				GCC_WARN_UNUSED_FUNCTION = YES;
				GCC_WARN_UNUSED_VARIABLE = YES;
				IPHONEOS_DEPLOYMENT_TARGET = 10.1;
				MTL_ENABLE_DEBUG_INFO = YES;
				ONLY_ACTIVE_ARCH = YES;
				SDKROOT = iphoneos;
				SWIFT_ACTIVE_COMPILATION_CONDITIONS = DEBUG;
				SWIFT_OPTIMIZATION_LEVEL = "-Onone";
				TARGETED_DEVICE_FAMILY = "1,2";
			};
			name = Debug;
		};
		714EA20D1E0410C40092A2D9 /* Release */ = {
			isa = XCBuildConfiguration;
			buildSettings = {
				ALWAYS_SEARCH_USER_PATHS = NO;
				CLANG_ANALYZER_NONNULL = YES;
				CLANG_CXX_LANGUAGE_STANDARD = "gnu++0x";
				CLANG_CXX_LIBRARY = "libc++";
				CLANG_ENABLE_MODULES = YES;
				CLANG_ENABLE_OBJC_ARC = YES;
				CLANG_WARN_BOOL_CONVERSION = YES;
				CLANG_WARN_CONSTANT_CONVERSION = YES;
				CLANG_WARN_DIRECT_OBJC_ISA_USAGE = YES_ERROR;
				CLANG_WARN_DOCUMENTATION_COMMENTS = YES;
				CLANG_WARN_EMPTY_BODY = YES;
				CLANG_WARN_ENUM_CONVERSION = YES;
				CLANG_WARN_INFINITE_RECURSION = YES;
				CLANG_WARN_INT_CONVERSION = YES;
				CLANG_WARN_OBJC_ROOT_CLASS = YES_ERROR;
				CLANG_WARN_SUSPICIOUS_MOVES = YES;
				CLANG_WARN_UNREACHABLE_CODE = YES;
				CLANG_WARN__DUPLICATE_METHOD_MATCH = YES;
				"CODE_SIGN_IDENTITY[sdk=iphoneos*]" = "iPhone Developer";
				COPY_PHASE_STRIP = NO;
				DEBUG_INFORMATION_FORMAT = "dwarf-with-dsym";
				ENABLE_NS_ASSERTIONS = NO;
				ENABLE_STRICT_OBJC_MSGSEND = YES;
				GCC_C_LANGUAGE_STANDARD = gnu99;
				GCC_NO_COMMON_BLOCKS = YES;
				GCC_WARN_64_TO_32_BIT_CONVERSION = YES;
				GCC_WARN_ABOUT_RETURN_TYPE = YES_ERROR;
				GCC_WARN_UNDECLARED_SELECTOR = YES;
				GCC_WARN_UNINITIALIZED_AUTOS = YES_AGGRESSIVE;
				GCC_WARN_UNUSED_FUNCTION = YES;
				GCC_WARN_UNUSED_VARIABLE = YES;
				IPHONEOS_DEPLOYMENT_TARGET = 10.1;
				MTL_ENABLE_DEBUG_INFO = NO;
				SDKROOT = iphoneos;
				SWIFT_OPTIMIZATION_LEVEL = "-Owholemodule";
				TARGETED_DEVICE_FAMILY = "1,2";
				VALIDATE_PRODUCT = YES;
			};
			name = Release;
		};
		714EA20F1E0410C40092A2D9 /* Debug */ = {
			isa = XCBuildConfiguration;
			buildSettings = {
				ASSETCATALOG_COMPILER_APPICON_NAME = AppIcon;
				INFOPLIST_FILE = Kiosk/Info.plist;
				LD_RUNPATH_SEARCH_PATHS = "$(inherited) @executable_path/Frameworks";
				PRODUCT_BUNDLE_IDENTIFIER = com.clevelandclinic.Kiosk;
				PRODUCT_NAME = "$(TARGET_NAME)";
				SWIFT_VERSION = 3.0;
			};
			name = Debug;
		};
		714EA2101E0410C40092A2D9 /* Release */ = {
			isa = XCBuildConfiguration;
			buildSettings = {
				ASSETCATALOG_COMPILER_APPICON_NAME = AppIcon;
				INFOPLIST_FILE = Kiosk/Info.plist;
				LD_RUNPATH_SEARCH_PATHS = "$(inherited) @executable_path/Frameworks";
				PRODUCT_BUNDLE_IDENTIFIER = com.clevelandclinic.Kiosk;
				PRODUCT_NAME = "$(TARGET_NAME)";
				SWIFT_VERSION = 3.0;
			};
			name = Release;
		};
/* End XCBuildConfiguration section */

/* Begin XCConfigurationList section */
		714EA1F71E0410C30092A2D9 /* Build configuration list for PBXProject "Kiosk" */ = {
			isa = XCConfigurationList;
			buildConfigurations = (
				714EA20C1E0410C40092A2D9 /* Debug */,
				714EA20D1E0410C40092A2D9 /* Release */,
			);
			defaultConfigurationIsVisible = 0;
			defaultConfigurationName = Release;
		};
		714EA20E1E0410C40092A2D9 /* Build configuration list for PBXNativeTarget "Kiosk" */ = {
			isa = XCConfigurationList;
			buildConfigurations = (
				714EA20F1E0410C40092A2D9 /* Debug */,
				714EA2101E0410C40092A2D9 /* Release */,
			);
			defaultConfigurationIsVisible = 0;
			defaultConfigurationName = Release;
		};
/* End XCConfigurationList section */
	};
	rootObject = 714EA1F41E0410C30092A2D9 /* Project object */;
}
